
Microsoft Visual Studio Solution File, Format Version 12.00
# Visual Studio Version 17
VisualStudioVersion = 17.1.32407.343
MinimumVisualStudioVersion = 10.0.40219.1
Project("{FAE04EC0-301F-11D3-BF4B-00C04F79EFBC}") = "Invoice App", "Invoice App\Invoice App.csproj", "{0A39A85D-43E6-4DBF-8271-AC013E562423}"
EndProject
Global
	GlobalSection(SolutionConfigurationPlatforms) = preSolution
		Debug|Any CPU = Debug|Any CPU
		Release|Any CPU = Release|Any CPU
	EndGlobalSection
	GlobalSection(ProjectConfigurationPlatforms) = postSolution
		{0A39A85D-43E6-4DBF-8271-AC013E562423}.Debug|Any CPU.ActiveCfg = Debug|Any CPU
		{0A39A85D-43E6-4DBF-8271-AC013E562423}.Debug|Any CPU.Build.0 = Debug|Any CPU
		{0A39A85D-43E6-4DBF-8271-AC013E562423}.Release|Any CPU.ActiveCfg = Release|Any CPU
		{0A39A85D-43E6-4DBF-8271-AC013E562423}.Release|Any CPU.Build.0 = Release|Any CPU
	EndGlobalSection
	GlobalSection(SolutionProperties) = preSolution
		HideSolutionNode = FALSE
	EndGlobalSection
	GlobalSection(ExtensibilityGlobals) = postSolution
		SolutionGuid = {82A8219E-0DB1-4B7F-83F0-B2803CD6AA24}
	EndGlobalSection
EndGlobal
